<?xml version="1.0" encoding="utf-8"?>
<Project ToolsVersion="4.0" xmlns="http://schemas.microsoft.com/developer/msbuild/2003">
  <ItemGroup>
    <Filter Include="소스 파일">
      <UniqueIdentifier>{4FC737F1-C7A5-4376-A066-2A32D752A2FF}</UniqueIdentifier>
      <Extensions>cpp;c;cc;cxx;c++;cppm;ixx;def;odl;idl;hpj;bat;asm;asmx</Extensions>
    </Filter>
    <Filter Include="헤더 파일">
      <UniqueIdentifier>{93995380-89BD-4b04-88EB-625FBE52EBFB}</UniqueIdentifier>
      <Extensions>h;hh;hpp;hxx;h++;hm;inl;inc;ipp;xsd</Extensions>
    </Filter>
    <Filter Include="리소스 파일">
      <UniqueIdentifier>{67DA6AB6-F800-4c08-8B7A-83BB121AAD01}</UniqueIdentifier>
      <Extensions>rc;ico;cur;bmp;dlg;rc2;rct;bin;rgs;gif;jpg;jpeg;jpe;resx;tiff;tif;png;wav;mfcribbon-ms</Extensions>
    </Filter>
  </ItemGroup>
  <ItemGroup>
    <ClCompile Include="ex1.c">
      <Filter>소스 파일</Filter>
    </ClCompile>
    <ClCompile Include="ex2.c">
      <Filter>소스 파일</Filter>
    </ClCompile>
    <ClCompile Include="ex3.c">
      <Filter>소스 파일</Filter>
    </ClCompile>
    <ClCompile Include="ex4.c">
      <Filter>소스 파일</Filter>
    </ClCompile>
    <ClCompile Include="ex5.c">
      <Filter>소스 파일</Filter>
    </ClCompile>
    <ClCompile Include="pr1.c">
      <Filter>소스 파일</Filter>
    </ClCompile>
    <ClCompile Include="ex6.c">
      <Filter>소스 파일</Filter>
    </ClCompile>
    <ClCompile Include="ex7.c">
      <Filter>소스 파일</Filter>
    </ClCompile>
    <ClCompile Include="ex8.c">
      <Filter>소스 파일</Filter>
    </ClCompile>
    <ClCompile Include="pr2.c">
      <Filter>소스 파일</Filter>
    </ClCompile>
    <ClCompile Include="ch2_ex1.c">
      <Filter>소스 파일</Filter>
    </ClCompile>
    <ClCompile Include="ch2_ex2.c">
      <Filter>소스 파일</Filter>
    </ClCompile>
    <ClCompile Include="ch2_ex9.c">
      <Filter>소스 파일</Filter>
    </ClCompile>
    <ClCompile Include="ch2_ex10.c">
      <Filter>소스 파일</Filter>
    </ClCompile>
    <ClCompile Include="ch2_ex3.c">
      <Filter>소스 파일</Filter>
    </ClCompile>
    <ClCompile Include="ch2_ex11.c">
      <Filter>소스 파일</Filter>
    </ClCompile>
    <ClCompile Include="ch2_ex12.c">
      <Filter>소스 파일</Filter>
    </ClCompile>
    <ClCompile Include="ch2_ex13.c">
      <Filter>소스 파일</Filter>
    </ClCompile>
    <ClCompile Include="ch2_ex15.c">
      <Filter>소스 파일</Filter>
    </ClCompile>
    <ClCompile Include="ch4_ex1.c">
      <Filter>소스 파일</Filter>
    </ClCompile>
    <ClCompile Include="ch4_ex0.c">
      <Filter>소스 파일</Filter>
    </ClCompile>
    <ClCompile Include="ch4_ex2.c">
      <Filter>소스 파일</Filter>
    </ClCompile>
    <ClCompile Include="ch4_ex3.c">
      <Filter>소스 파일</Filter>
    </ClCompile>
    <ClCompile Include="ch4_ex4.c">
      <Filter>소스 파일</Filter>
    </ClCompile>
    <ClCompile Include="ch4_ex5.c">
      <Filter>소스 파일</Filter>
    </ClCompile>
    <ClCompile Include="ch4_ex6.c">
      <Filter>소스 파일</Filter>
    </ClCompile>
    <ClCompile Include="ch4_ex7.c">
      <Filter>소스 파일</Filter>
    </ClCompile>
    <ClCompile Include="ch4_ex8.c">
      <Filter>소스 파일</Filter>
    </ClCompile>
    <ClCompile Include="ch4_ex9.c">
      <Filter>소스 파일</Filter>
    </ClCompile>
    <ClCompile Include="ch4_ex10.c">
      <Filter>소스 파일</Filter>
    </ClCompile>
    <ClCompile Include="ch4_ex11.c">
      <Filter>소스 파일</Filter>
    </ClCompile>
    <ClCompile Include="ch4_ex14.c">
      <Filter>소스 파일</Filter>
    </ClCompile>
    <ClCompile Include="ch4_ex16.c">
      <Filter>소스 파일</Filter>
    </ClCompile>
    <ClCompile Include="ch4_ex17.c">
      <Filter>소스 파일</Filter>
    </ClCompile>
    <ClCompile Include="ch4_ex18.c">
      <Filter>소스 파일</Filter>
    </ClCompile>
    <ClCompile Include="ch4_ex19.c">
      <Filter>소스 파일</Filter>
    </ClCompile>
    <ClCompile Include="ch4_ex20.c">
      <Filter>소스 파일</Filter>
    </ClCompile>
    <ClCompile Include="ch4_ex21.c">
      <Filter>소스 파일</Filter>
    </ClCompile>
    <ClCompile Include="ch5_ex1.c">
      <Filter>소스 파일</Filter>
    </ClCompile>
    <ClCompile Include="ch5_ex2.c">
      <Filter>소스 파일</Filter>
    </ClCompile>
    <ClCompile Include="ch5_ex3.c">
      <Filter>소스 파일</Filter>
    </ClCompile>
    <ClCompile Include="ch5_ex4.c">
      <Filter>소스 파일</Filter>
    </ClCompile>
    <ClCompile Include="ch5_ex5.c">
      <Filter>소스 파일</Filter>
    </ClCompile>
    <ClCompile Include="ch5_ex7.c">
      <Filter>소스 파일</Filter>
    </ClCompile>
    <ClCompile Include="ch5_ex8.c">
      <Filter>소스 파일</Filter>
    </ClCompile>
    <ClCompile Include="ch6_ex1.c">
      <Filter>소스 파일</Filter>
    </ClCompile>
    <ClCompile Include="ch6_ex2.c">
      <Filter>소스 파일</Filter>
    </ClCompile>
    <ClCompile Include="ch6_ex3.c">
      <Filter>소스 파일</Filter>
    </ClCompile>
    <ClCompile Include="ch6_ex4.c">
      <Filter>소스 파일</Filter>
    </ClCompile>
    <ClCompile Include="ch6_ex5.c">
      <Filter>소스 파일</Filter>
    </ClCompile>
    <ClCompile Include="ch6_ex6.c">
      <Filter>소스 파일</Filter>
    </ClCompile>
    <ClCompile Include="ch6_ex7.c">
      <Filter>소스 파일</Filter>
    </ClCompile>
    <ClCompile Include="ch7_ex1.c">
      <Filter>소스 파일</Filter>
    </ClCompile>
    <ClCompile Include="ch7_ex2.c">
      <Filter>소스 파일</Filter>
    </ClCompile>
    <ClCompile Include="ch7_ex3.c">
      <Filter>소스 파일</Filter>
    </ClCompile>
    <ClCompile Include="ch7_ex4.c">
      <Filter>소스 파일</Filter>
    </ClCompile>
    <ClCompile Include="ch7_ex5.c">
      <Filter>소스 파일</Filter>
    </ClCompile>
    <ClCompile Include="ch7_ex6.c">
      <Filter>소스 파일</Filter>
    </ClCompile>
    <ClCompile Include="ch7_ex7.c">
      <Filter>소스 파일</Filter>
    </ClCompile>
    <ClCompile Include="ch7_ex8.c">
      <Filter>소스 파일</Filter>
    </ClCompile>
    <ClCompile Include="ch7_ex9.c">
      <Filter>소스 파일</Filter>
    </ClCompile>
    <ClCompile Include="ch7_ex10.c">
      <Filter>소스 파일</Filter>
    </ClCompile>
    <ClCompile Include="ch7_ex11.c">
      <Filter>소스 파일</Filter>
    </ClCompile>
    <ClCompile Include="ch7_ex12.c">
      <Filter>소스 파일</Filter>
    </ClCompile>
    <ClCompile Include="ch7_ex13.c">
      <Filter>소스 파일</Filter>
    </ClCompile>
    <ClCompile Include="ch7_ex14.c">
      <Filter>소스 파일</Filter>
    </ClCompile>
    <ClCompile Include="ch7_ex15.c">
      <Filter>소스 파일</Filter>
    </ClCompile>
    <ClCompile Include="ch7_pr1.c">
      <Filter>소스 파일</Filter>
    </ClCompile>
    <ClCompile Include="ch7_pr2.c">
      <Filter>소스 파일</Filter>
    </ClCompile>
    <ClCompile Include="ch7_pr3.c">
      <Filter>소스 파일</Filter>
    </ClCompile>
    <ClCompile Include="ch7_pr4.c">
      <Filter>소스 파일</Filter>
    </ClCompile>
    <ClCompile Include="ch7_pr5.c">
      <Filter>소스 파일</Filter>
    </ClCompile>
    <ClCompile Include="ch8_ex1.c">
      <Filter>소스 파일</Filter>
    </ClCompile>
    <ClCompile Include="ch8_ex2.c">
      <Filter>소스 파일</Filter>
    </ClCompile>
    <ClCompile Include="ch8_ex3.c">
      <Filter>소스 파일</Filter>
    </ClCompile>
    <ClCompile Include="ch8_ex4.c">
      <Filter>소스 파일</Filter>
    </ClCompile>
    <ClCompile Include="ch8_ex5.c">
      <Filter>소스 파일</Filter>
    </ClCompile>
    <ClCompile Include="ch8_ex8.c">
      <Filter>소스 파일</Filter>
    </ClCompile>
    <ClCompile Include="ch8_pr1.c">
      <Filter>소스 파일</Filter>
    </ClCompile>
    <ClCompile Include="ch8_pr2.c">
      <Filter>소스 파일</Filter>
    </ClCompile>
    <ClCompile Include="ch8_pr3.c">
      <Filter>소스 파일</Filter>
    </ClCompile>
    <ClCompile Include="ch8_pr4.c">
      <Filter>소스 파일</Filter>
    </ClCompile>
    <ClCompile Include="ch8_pr4-2.c">
      <Filter>소스 파일</Filter>
    </ClCompile>
    <ClCompile Include="ch8_ex10.c">
      <Filter>소스 파일</Filter>
    </ClCompile>
    <ClCompile Include="ch8_ex11.c">
      <Filter>소스 파일</Filter>
    </ClCompile>
    <ClCompile Include="ch8_ex12.c">
      <Filter>소스 파일</Filter>
    </ClCompile>
    <ClCompile Include="ch8_ex13.c">
      <Filter>소스 파일</Filter>
    </ClCompile>
    <ClCompile Include="ch8_pr5.c">
      <Filter>소스 파일</Filter>
    </ClCompile>
    <ClCompile Include="ch8_pr6.c">
      <Filter>소스 파일</Filter>
    </ClCompile>
    <ClCompile Include="ch8_ex14.c">
      <Filter>소스 파일</Filter>
    </ClCompile>
    <ClCompile Include="ch8_ex21.c">
      <Filter>소스 파일</Filter>
    </ClCompile>
    <ClCompile Include="ch8_ex25.c">
      <Filter>소스 파일</Filter>
    </ClCompile>
    <ClCompile Include="ch8_ex27.c">
      <Filter>소스 파일</Filter>
    </ClCompile>
    <ClCompile Include="ch8_ex28.c">
      <Filter>소스 파일</Filter>
    </ClCompile>
    <ClCompile Include="ch8_pr7.c">
      <Filter>소스 파일</Filter>
    </ClCompile>
    <ClCompile Include="ch8_pr8.c">
      <Filter>소스 파일</Filter>
    </ClCompile>
    <ClCompile Include="ch8_pr9.c">
      <Filter>소스 파일</Filter>
    </ClCompile>
    <ClCompile Include="ch9_ex0.c">
      <Filter>소스 파일</Filter>
    </ClCompile>
    <ClCompile Include="ch9_ex1.c">
      <Filter>소스 파일</Filter>
    </ClCompile>
    <ClCompile Include="ch10_ex1_배열.c">
      <Filter>소스 파일</Filter>
    </ClCompile>
    <ClCompile Include="ch10_ex1_구조체.c">
      <Filter>소스 파일</Filter>
    </ClCompile>
    <ClCompile Include="ch10_ex2.c">
      <Filter>소스 파일</Filter>
    </ClCompile>
    <ClCompile Include="ch10_ex3.c">
      <Filter>소스 파일</Filter>
    </ClCompile>
    <ClCompile Include="ch10_ex4.c">
      <Filter>소스 파일</Filter>
    </ClCompile>
    <ClCompile Include="ch10_ex5.c">
      <Filter>소스 파일</Filter>
    </ClCompile>
    <ClCompile Include="ch10_ex6.c">
      <Filter>소스 파일</Filter>
    </ClCompile>
    <ClCompile Include="ch9_pr1.c">
      <Filter>소스 파일</Filter>
    </ClCompile>
    <ClCompile Include="ch11_ex5.c">
      <Filter>소스 파일</Filter>
    </ClCompile>
    <ClCompile Include="ch12_ex1.c">
      <Filter>소스 파일</Filter>
    </ClCompile>
    <ClCompile Include="ch12_ex2.c">
      <Filter>소스 파일</Filter>
    </ClCompile>
    <ClCompile Include="ch12_ex3.c">
      <Filter>소스 파일</Filter>
    </ClCompile>
    <ClCompile Include="ch12_ex4.c">
      <Filter>소스 파일</Filter>
    </ClCompile>
    <ClCompile Include="ch12_ex5.c">
      <Filter>소스 파일</Filter>
    </ClCompile>
    <ClCompile Include="ch13_ex1.c">
      <Filter>소스 파일</Filter>
    </ClCompile>
    <ClCompile Include="ch13_ex2.c">
      <Filter>소스 파일</Filter>
    </ClCompile>
    <ClCompile Include="ch13_ex3.c">
      <Filter>소스 파일</Filter>
    </ClCompile>
  </ItemGroup>
</Project>